
Microsoft Visual Studio Solution File, Format Version 12.00
# Visual Studio 15
VisualStudioVersion = 15.0.26430.14
MinimumVisualStudioVersion = 10.0.40219.1
Project("{FAE04EC0-301F-11D3-BF4B-00C04F79EFBC}") = "Summitive greet card", "Summitive greet card\Summitive greet card.csproj", "{36606F23-D72C-4388-BEF2-4DE05865341B}"
EndProject
Global
	GlobalSection(SolutionConfigurationPlatforms) = preSolution
		Debug|Any CPU = Debug|Any CPU
		Release|Any CPU = Release|Any CPU
	EndGlobalSection
	GlobalSection(ProjectConfigurationPlatforms) = postSolution
		{36606F23-D72C-4388-BEF2-4DE05865341B}.Debug|Any CPU.ActiveCfg = Debug|Any CPU
		{36606F23-D72C-4388-BEF2-4DE05865341B}.Debug|Any CPU.Build.0 = Debug|Any CPU
		{36606F23-D72C-4388-BEF2-4DE05865341B}.Release|Any CPU.ActiveCfg = Release|Any CPU
		{36606F23-D72C-4388-BEF2-4DE05865341B}.Release|Any CPU.Build.0 = Release|Any CPU
	EndGlobalSection
	GlobalSection(SolutionProperties) = preSolution
		HideSolutionNode = FALSE
	EndGlobalSection
EndGlobal
